
Microsoft Visual Studio Solution File, Format Version 12.00
# Visual Studio Version 17
VisualStudioVersion = 17.12.35707.178
MinimumVisualStudioVersion = 10.0.40219.1
Project("{FAE04EC0-301F-11D3-BF4B-00C04F79EFBC}") = "FemSharp", "FemSharp\FemSharp.csproj", "{A3B103BD-165D-4E3A-8599-B186CC73CE43}"
EndProject
Project("{FAE04EC0-301F-11D3-BF4B-00C04F79EFBC}") = "NumericalMath", "NumericalMath\NumericalMath\NumericalMath.csproj", "{B7169693-76FE-461B-82CE-4515293E1759}"
EndProject
Project("{FAE04EC0-301F-11D3-BF4B-00C04F79EFBC}") = "NumericalMath.Tests", "NumericalMath\NumericalMath.Tests\NumericalMath.Tests.csproj", "{C2044AEC-AC4D-409F-A19E-2E0131B68EFC}"
EndProject
Project("{FAE04EC0-301F-11D3-BF4B-00C04F79EFBC}") = "Benchmarks", "NumericalMath\Benchmarks\Benchmarks.csproj", "{AE184D35-AEAD-4B65-873F-CEE455354437}"
EndProject
Global
	GlobalSection(SolutionConfigurationPlatforms) = preSolution
		Debug|Any CPU = Debug|Any CPU
		Release|Any CPU = Release|Any CPU
	EndGlobalSection
	GlobalSection(ProjectConfigurationPlatforms) = postSolution
		{A3B103BD-165D-4E3A-8599-B186CC73CE43}.Debug|Any CPU.ActiveCfg = Debug|Any CPU
		{A3B103BD-165D-4E3A-8599-B186CC73CE43}.Debug|Any CPU.Build.0 = Debug|Any CPU
		{A3B103BD-165D-4E3A-8599-B186CC73CE43}.Release|Any CPU.ActiveCfg = Release|Any CPU
		{A3B103BD-165D-4E3A-8599-B186CC73CE43}.Release|Any CPU.Build.0 = Release|Any CPU
		{B7169693-76FE-461B-82CE-4515293E1759}.Debug|Any CPU.ActiveCfg = Debug|Any CPU
		{B7169693-76FE-461B-82CE-4515293E1759}.Debug|Any CPU.Build.0 = Debug|Any CPU
		{B7169693-76FE-461B-82CE-4515293E1759}.Release|Any CPU.ActiveCfg = Release|Any CPU
		{B7169693-76FE-461B-82CE-4515293E1759}.Release|Any CPU.Build.0 = Release|Any CPU
		{C2044AEC-AC4D-409F-A19E-2E0131B68EFC}.Debug|Any CPU.ActiveCfg = Debug|Any CPU
		{C2044AEC-AC4D-409F-A19E-2E0131B68EFC}.Debug|Any CPU.Build.0 = Debug|Any CPU
		{C2044AEC-AC4D-409F-A19E-2E0131B68EFC}.Release|Any CPU.ActiveCfg = Release|Any CPU
		{C2044AEC-AC4D-409F-A19E-2E0131B68EFC}.Release|Any CPU.Build.0 = Release|Any CPU
		{AE184D35-AEAD-4B65-873F-CEE455354437}.Debug|Any CPU.ActiveCfg = Debug|Any CPU
		{AE184D35-AEAD-4B65-873F-CEE455354437}.Debug|Any CPU.Build.0 = Debug|Any CPU
		{AE184D35-AEAD-4B65-873F-CEE455354437}.Release|Any CPU.ActiveCfg = Release|Any CPU
		{AE184D35-AEAD-4B65-873F-CEE455354437}.Release|Any CPU.Build.0 = Release|Any CPU
	EndGlobalSection
	GlobalSection(SolutionProperties) = preSolution
		HideSolutionNode = FALSE
	EndGlobalSection
EndGlobal
